{
    "_meta": {
        "hash": {
            "sha256": "994e98e8a58b55da99c007ccde87bad92682f169e057e6309aac4f7288d64e0c"
        },
        "requires": {},
        "sources": [
            {
                "url": "https://pypi.python.org/simple",
                "verify_ssl": true
            }
        ]
    },
    "default": {
        "click": {
            "version": "==6.7"
        },
        "flask": {
            "version": "==0.12.2"
        },
        "itsdangerous": {
            "version": "==0.24"
        },
        "jinja2": {
            "version": "==2.9.6"
        },
        "markupsafe": {
            "version": "==1.0"
        },
        "rpi.gpio": {
            "version": "==0.6.3"
        },
        "sqlalchemy": {
            "version": "==1.1.13"
        },
        "werkzeug": {
            "version": "==0.12.2"
        }
    },
    "develop": {}
}
